// !$*UTF8*$!
{
	archiveVersion = 1;
	classes = {
	};
	objectVersion = 55;
	objects = {

/* Begin PBXBuildFile section */
		1A73923E28E0B27600BD6EC4 /* AppDelegate.swift in Sources */ = {isa = PBXBuildFile; fileRef = 1A73923D28E0B27600BD6EC4 /* AppDelegate.swift */; };
		1A73924028E0B27600BD6EC4 /* SceneDelegate.swift in Sources */ = {isa = PBXBuildFile; fileRef = 1A73923F28E0B27600BD6EC4 /* SceneDelegate.swift */; };
		1A73924228E0B27600BD6EC4 /* MovieDatabaseVC.swift in Sources */ = {isa = PBXBuildFile; fileRef = 1A73924128E0B27600BD6EC4 /* MovieDatabaseVC.swift */; };
		1A73924528E0B27600BD6EC4 /* Main.storyboard in Resources */ = {isa = PBXBuildFile; fileRef = 1A73924328E0B27600BD6EC4 /* Main.storyboard */; };
		1A73924728E0B27B00BD6EC4 /* Assets.xcassets in Resources */ = {isa = PBXBuildFile; fileRef = 1A73924628E0B27B00BD6EC4 /* Assets.xcassets */; };
		1A73924A28E0B27B00BD6EC4 /* LaunchScreen.storyboard in Resources */ = {isa = PBXBuildFile; fileRef = 1A73924828E0B27B00BD6EC4 /* LaunchScreen.storyboard */; };
		1A73925328E0BA1300BD6EC4 /* MovieEntity.swift in Sources */ = {isa = PBXBuildFile; fileRef = 1A73925228E0BA1300BD6EC4 /* MovieEntity.swift */; };
		1A73925528E0BB0D00BD6EC4 /* NetworkManager.swift in Sources */ = {isa = PBXBuildFile; fileRef = 1A73925428E0BB0D00BD6EC4 /* NetworkManager.swift */; };
		1A73925828E0D81500BD6EC4 /* MovieDetailedVC.swift in Sources */ = {isa = PBXBuildFile; fileRef = 1A73925728E0D81500BD6EC4 /* MovieDetailedVC.swift */; };
		1A73925A28E0E12100BD6EC4 /* MovieCell.swift in Sources */ = {isa = PBXBuildFile; fileRef = 1A73925928E0E12000BD6EC4 /* MovieCell.swift */; };
		1A73925C28E0E48D00BD6EC4 /* Utility.swift in Sources */ = {isa = PBXBuildFile; fileRef = 1A73925B28E0E48D00BD6EC4 /* Utility.swift */; };
		1A73925E28E144CB00BD6EC4 /* MovieDetailTableViewCell.swift in Sources */ = {isa = PBXBuildFile; fileRef = 1A73925D28E144CB00BD6EC4 /* MovieDetailTableViewCell.swift */; };
/* End PBXBuildFile section */

/* Begin PBXFileReference section */
		1A73923A28E0B27600BD6EC4 /* MovieCollection.app */ = {isa = PBXFileReference; explicitFileType = wrapper.application; includeInIndex = 0; path = MovieCollection.app; sourceTree = BUILT_PRODUCTS_DIR; };
		1A73923D28E0B27600BD6EC4 /* AppDelegate.swift */ = {isa = PBXFileReference; lastKnownFileType = sourcecode.swift; path = AppDelegate.swift; sourceTree = "<group>"; };
		1A73923F28E0B27600BD6EC4 /* SceneDelegate.swift */ = {isa = PBXFileReference; lastKnownFileType = sourcecode.swift; path = SceneDelegate.swift; sourceTree = "<group>"; };
		1A73924128E0B27600BD6EC4 /* MovieDatabaseVC.swift */ = {isa = PBXFileReference; lastKnownFileType = sourcecode.swift; path = MovieDatabaseVC.swift; sourceTree = "<group>"; };
		1A73924428E0B27600BD6EC4 /* Base */ = {isa = PBXFileReference; lastKnownFileType = file.storyboard; name = Base; path = Base.lproj/Main.storyboard; sourceTree = "<group>"; };
		1A73924628E0B27B00BD6EC4 /* Assets.xcassets */ = {isa = PBXFileReference; lastKnownFileType = folder.assetcatalog; path = Assets.xcassets; sourceTree = "<group>"; };
		1A73924928E0B27B00BD6EC4 /* Base */ = {isa = PBXFileReference; lastKnownFileType = file.storyboard; name = Base; path = Base.lproj/LaunchScreen.storyboard; sourceTree = "<group>"; };
		1A73924B28E0B27B00BD6EC4 /* Info.plist */ = {isa = PBXFileReference; lastKnownFileType = text.plist.xml; path = Info.plist; sourceTree = "<group>"; };
		1A73925228E0BA1300BD6EC4 /* MovieEntity.swift */ = {isa = PBXFileReference; lastKnownFileType = sourcecode.swift; path = MovieEntity.swift; sourceTree = "<group>"; };
		1A73925428E0BB0D00BD6EC4 /* NetworkManager.swift */ = {isa = PBXFileReference; lastKnownFileType = sourcecode.swift; path = NetworkManager.swift; sourceTree = "<group>"; };
		1A73925728E0D81500BD6EC4 /* MovieDetailedVC.swift */ = {isa = PBXFileReference; lastKnownFileType = sourcecode.swift; path = MovieDetailedVC.swift; sourceTree = "<group>"; };
		1A73925928E0E12000BD6EC4 /* MovieCell.swift */ = {isa = PBXFileReference; lastKnownFileType = sourcecode.swift; path = MovieCell.swift; sourceTree = "<group>"; };
		1A73925B28E0E48D00BD6EC4 /* Utility.swift */ = {isa = PBXFileReference; lastKnownFileType = sourcecode.swift; path = Utility.swift; sourceTree = "<group>"; };
		1A73925D28E144CB00BD6EC4 /* MovieDetailTableViewCell.swift */ = {isa = PBXFileReference; lastKnownFileType = sourcecode.swift; path = MovieDetailTableViewCell.swift; sourceTree = "<group>"; };
/* End PBXFileReference section */

/* Begin PBXFrameworksBuildPhase section */
		1A73923728E0B27600BD6EC4 /* Frameworks */ = {
			isa = PBXFrameworksBuildPhase;
			buildActionMask = 2147483647;
			files = (
			);
			runOnlyForDeploymentPostprocessing = 0;
		};
/* End PBXFrameworksBuildPhase section */

/* Begin PBXGroup section */
		1A73923128E0B27600BD6EC4 = {
			isa = PBXGroup;
			children = (
				1A73923C28E0B27600BD6EC4 /* MovieCollection */,
				1A73923B28E0B27600BD6EC4 /* Products */,
			);
			sourceTree = "<group>";
		};
		1A73923B28E0B27600BD6EC4 /* Products */ = {
			isa = PBXGroup;
			children = (
				1A73923A28E0B27600BD6EC4 /* MovieCollection.app */,
			);
			name = Products;
			sourceTree = "<group>";
		};
		1A73923C28E0B27600BD6EC4 /* MovieCollection */ = {
			isa = PBXGroup;
			children = (
				1A73925628E0D7F500BD6EC4 /* MovieDetail */,
				1A73925128E0B9FA00BD6EC4 /* Network */,
				1A73923D28E0B27600BD6EC4 /* AppDelegate.swift */,
				1A73923F28E0B27600BD6EC4 /* SceneDelegate.swift */,
				1A73924128E0B27600BD6EC4 /* MovieDatabaseVC.swift */,
				1A73924328E0B27600BD6EC4 /* Main.storyboard */,
				1A73924628E0B27B00BD6EC4 /* Assets.xcassets */,
				1A73924828E0B27B00BD6EC4 /* LaunchScreen.storyboard */,
				1A73924B28E0B27B00BD6EC4 /* Info.plist */,
				1A73925928E0E12000BD6EC4 /* MovieCell.swift */,
				1A73925B28E0E48D00BD6EC4 /* Utility.swift */,
				1A73925D28E144CB00BD6EC4 /* MovieDetailTableViewCell.swift */,
			);
			path = MovieCollection;
			sourceTree = "<group>";
		};
		1A73925128E0B9FA00BD6EC4 /* Network */ = {
			isa = PBXGroup;
			children = (
				1A73925228E0BA1300BD6EC4 /* MovieEntity.swift */,
				1A73925428E0BB0D00BD6EC4 /* NetworkManager.swift */,
			);
			path = Network;
			sourceTree = "<group>";
		};
		1A73925628E0D7F500BD6EC4 /* MovieDetail */ = {
			isa = PBXGroup;
			children = (
				1A73925728E0D81500BD6EC4 /* MovieDetailedVC.swift */,
			);
			path = MovieDetail;
			sourceTree = "<group>";
		};
/* End PBXGroup section */

/* Begin PBXNativeTarget section */
		1A73923928E0B27600BD6EC4 /* MovieCollection */ = {
			isa = PBXNativeTarget;
			buildConfigurationList = 1A73924E28E0B27B00BD6EC4 /* Build configuration list for PBXNativeTarget "MovieCollection" */;
			buildPhases = (
				1A73923628E0B27600BD6EC4 /* Sources */,
				1A73923728E0B27600BD6EC4 /* Frameworks */,
				1A73923828E0B27600BD6EC4 /* Resources */,
			);
			buildRules = (
			);
			dependencies = (
			);
			name = MovieCollection;
			productName = MovieCollection;
			productReference = 1A73923A28E0B27600BD6EC4 /* MovieCollection.app */;
			productType = "com.apple.product-type.application";
		};
/* End PBXNativeTarget section */

/* Begin PBXProject section */
		1A73923228E0B27600BD6EC4 /* Project object */ = {
			isa = PBXProject;
			attributes = {
				BuildIndependentTargetsInParallel = 1;
				LastSwiftUpdateCheck = 1340;
				LastUpgradeCheck = 1340;
				TargetAttributes = {
					1A73923928E0B27600BD6EC4 = {
						CreatedOnToolsVersion = 13.4.1;
					};
				};
			};
			buildConfigurationList = 1A73923528E0B27600BD6EC4 /* Build configuration list for PBXProject "MovieCollection" */;
			compatibilityVersion = "Xcode 13.0";
			developmentRegion = en;
			hasScannedForEncodings = 0;
			knownRegions = (
				en,
				Base,
			);
			mainGroup = 1A73923128E0B27600BD6EC4;
			productRefGroup = 1A73923B28E0B27600BD6EC4 /* Products */;
			projectDirPath = "";
			projectRoot = "";
			targets = (
				1A73923928E0B27600BD6EC4 /* MovieCollection */,
			);
		};
/* End PBXProject section */

/* Begin PBXResourcesBuildPhase section */
		1A73923828E0B27600BD6EC4 /* Resources */ = {
			isa = PBXResourcesBuildPhase;
			buildActionMask = 2147483647;
			files = (
				1A73924A28E0B27B00BD6EC4 /* LaunchScreen.storyboard in Resources */,
				1A73924728E0B27B00BD6EC4 /* Assets.xcassets in Resources */,
				1A73924528E0B27600BD6EC4 /* Main.storyboard in Resources */,
			);
			runOnlyForDeploymentPostprocessing = 0;
		};
/* End PBXResourcesBuildPhase section */

/* Begin PBXSourcesBuildPhase section */
		1A73923628E0B27600BD6EC4 /* Sources */ = {
			isa = PBXSourcesBuildPhase;
			buildActionMask = 2147483647;
			files = (
				1A73925E28E144CB00BD6EC4 /* MovieDetailTableViewCell.swift in Sources */,
				1A73925A28E0E12100BD6EC4 /* MovieCell.swift in Sources */,
				1A73924228E0B27600BD6EC4 /* MovieDatabaseVC.swift in Sources */,
				1A73925328E0BA1300BD6EC4 /* MovieEntity.swift in Sources */,
				1A73925528E0BB0D00BD6EC4 /* NetworkManager.swift in Sources */,
				1A73925C28E0E48D00BD6EC4 /* Utility.swift in Sources */,
				1A73923E28E0B27600BD6EC4 /* AppDelegate.swift in Sources */,
				1A73925828E0D81500BD6EC4 /* MovieDetailedVC.swift in Sources */,
				1A73924028E0B27600BD6EC4 /* SceneDelegate.swift in Sources */,
			);
			runOnlyForDeploymentPostprocessing = 0;
		};
/* End PBXSourcesBuildPhase section */

/* Begin PBXVariantGroup section */
		1A73924328E0B27600BD6EC4 /* Main.storyboard */ = {
			isa = PBXVariantGroup;
			children = (
				1A73924428E0B27600BD6EC4 /* Base */,
			);
			name = Main.storyboard;
			sourceTree = "<group>";
		};
		1A73924828E0B27B00BD6EC4 /* LaunchScreen.storyboard */ = {
			isa = PBXVariantGroup;
			children = (
				1A73924928E0B27B00BD6EC4 /* Base */,
			);
			name = LaunchScreen.storyboard;
			sourceTree = "<group>";
		};
/* End PBXVariantGroup section */

/* Begin XCBuildConfiguration section */
		1A73924C28E0B27B00BD6EC4 /* Debug */ = {
			isa = XCBuildConfiguration;
			buildSettings = {
				ALWAYS_SEARCH_USER_PATHS = NO;
				CLANG_ANALYZER_NONNULL = YES;
				CLANG_ANALYZER_NUMBER_OBJECT_CONVERSION = YES_AGGRESSIVE;
				CLANG_CXX_LANGUAGE_STANDARD = "gnu++17";
				CLANG_ENABLE_MODULES = YES;
				CLANG_ENABLE_OBJC_ARC = YES;
				CLANG_ENABLE_OBJC_WEAK = YES;
				CLANG_WARN_BLOCK_CAPTURE_AUTORELEASING = YES;
				CLANG_WARN_BOOL_CONVERSION = YES;
				CLANG_WARN_COMMA = YES;
				CLANG_WARN_CONSTANT_CONVERSION = YES;
				CLANG_WARN_DEPRECATED_OBJC_IMPLEMENTATIONS = YES;
				CLANG_WARN_DIRECT_OBJC_ISA_USAGE = YES_ERROR;
				CLANG_WARN_DOCUMENTATION_COMMENTS = YES;
				CLANG_WARN_EMPTY_BODY = YES;
				CLANG_WARN_ENUM_CONVERSION = YES;
				CLANG_WARN_INFINITE_RECURSION = YES;
				CLANG_WARN_INT_CONVERSION = YES;
				CLANG_WARN_NON_LITERAL_NULL_CONVERSION = YES;
				CLANG_WARN_OBJC_IMPLICIT_RETAIN_SELF = YES;
				CLANG_WARN_OBJC_LITERAL_CONVERSION = YES;
				CLANG_WARN_OBJC_ROOT_CLASS = YES_ERROR;
				CLANG_WARN_QUOTED_INCLUDE_IN_FRAMEWORK_HEADER = YES;
				CLANG_WARN_RANGE_LOOP_ANALYSIS = YES;
				CLANG_WARN_STRICT_PROTOTYPES = YES;
				CLANG_WARN_SUSPICIOUS_MOVE = YES;
				CLANG_WARN_UNGUARDED_AVAILABILITY = YES_AGGRESSIVE;
				CLANG_WARN_UNREACHABLE_CODE = YES;
				CLANG_WARN__DUPLICATE_METHOD_MATCH = YES;
				COPY_PHASE_STRIP = NO;
				DEBUG_INFORMATION_FORMAT = dwarf;
				ENABLE_STRICT_OBJC_MSGSEND = YES;
				ENABLE_TESTABILITY = YES;
				GCC_C_LANGUAGE_STANDARD = gnu11;
				GCC_DYNAMIC_NO_PIC = NO;
				GCC_NO_COMMON_BLOCKS = YES;
				GCC_OPTIMIZATION_LEVEL = 0;
				GCC_PREPROCESSOR_DEFINITIONS = (
					"DEBUG=1",
					"$(inherited)",
				);
				GCC_WARN_64_TO_32_BIT_CONVERSION = YES;
				GCC_WARN_ABOUT_RETURN_TYPE = YES_ERROR;
				GCC_WARN_UNDECLARED_SELECTOR = YES;
				GCC_WARN_UNINITIALIZED_AUTOS = YES_AGGRESSIVE;
				GCC_WARN_UNUSED_FUNCTION = YES;
				GCC_WARN_UNUSED_VARIABLE = YES;
				IPHONEOS_DEPLOYMENT_TARGET = 15.5;
				MTL_ENABLE_DEBUG_INFO = INCLUDE_SOURCE;
				MTL_FAST_MATH = YES;
				ONLY_ACTIVE_ARCH = YES;
				SDKROOT = iphoneos;
				SWIFT_ACTIVE_COMPILATION_CONDITIONS = DEBUG;
				SWIFT_OPTIMIZATION_LEVEL = "-Onone";
			};
			name = Debug;
		};
		1A73924D28E0B27B00BD6EC4 /* Release */ = {
			isa = XCBuildConfiguration;
			buildSettings = {
				ALWAYS_SEARCH_USER_PATHS = NO;
				CLANG_ANALYZER_NONNULL = YES;
				CLANG_ANALYZER_NUMBER_OBJECT_CONVERSION = YES_AGGRESSIVE;
				CLANG_CXX_LANGUAGE_STANDARD = "gnu++17";
				CLANG_ENABLE_MODULES = YES;
				CLANG_ENABLE_OBJC_ARC = YES;
				CLANG_ENABLE_OBJC_WEAK = YES;
				CLANG_WARN_BLOCK_CAPTURE_AUTORELEASING = YES;
				CLANG_WARN_BOOL_CONVERSION = YES;
				CLANG_WARN_COMMA = YES;
				CLANG_WARN_CONSTANT_CONVERSION = YES;
				CLANG_WARN_DEPRECATED_OBJC_IMPLEMENTATIONS = YES;
				CLANG_WARN_DIRECT_OBJC_ISA_USAGE = YES_ERROR;
				CLANG_WARN_DOCUMENTATION_COMMENTS = YES;
				CLANG_WARN_EMPTY_BODY = YES;
				CLANG_WARN_ENUM_CONVERSION = YES;
				CLANG_WARN_INFINITE_RECURSION = YES;
				CLANG_WARN_INT_CONVERSION = YES;
				CLANG_WARN_NON_LITERAL_NULL_CONVERSION = YES;
				CLANG_WARN_OBJC_IMPLICIT_RETAIN_SELF = YES;
				CLANG_WARN_OBJC_LITERAL_CONVERSION = YES;
				CLANG_WARN_OBJC_ROOT_CLASS = YES_ERROR;
				CLANG_WARN_QUOTED_INCLUDE_IN_FRAMEWORK_HEADER = YES;
				CLANG_WARN_RANGE_LOOP_ANALYSIS = YES;
				CLANG_WARN_STRICT_PROTOTYPES = YES;
				CLANG_WARN_SUSPICIOUS_MOVE = YES;
				CLANG_WARN_UNGUARDED_AVAILABILITY = YES_AGGRESSIVE;
				CLANG_WARN_UNREACHABLE_CODE = YES;
				CLANG_WARN__DUPLICATE_METHOD_MATCH = YES;
				COPY_PHASE_STRIP = NO;
				DEBUG_INFORMATION_FORMAT = "dwarf-with-dsym";
				ENABLE_NS_ASSERTIONS = NO;
				ENABLE_STRICT_OBJC_MSGSEND = YES;
				GCC_C_LANGUAGE_STANDARD = gnu11;
				GCC_NO_COMMON_BLOCKS = YES;
				GCC_WARN_64_TO_32_BIT_CONVERSION = YES;
				GCC_WARN_ABOUT_RETURN_TYPE = YES_ERROR;
				GCC_WARN_UNDECLARED_SELECTOR = YES;
				GCC_WARN_UNINITIALIZED_AUTOS = YES_AGGRESSIVE;
				GCC_WARN_UNUSED_FUNCTION = YES;
				GCC_WARN_UNUSED_VARIABLE = YES;
				IPHONEOS_DEPLOYMENT_TARGET = 15.5;
				MTL_ENABLE_DEBUG_INFO = NO;
				MTL_FAST_MATH = YES;
				SDKROOT = iphoneos;
				SWIFT_COMPILATION_MODE = wholemodule;
				SWIFT_OPTIMIZATION_LEVEL = "-O";
				VALIDATE_PRODUCT = YES;
			};
			name = Release;
		};
		1A73924F28E0B27B00BD6EC4 /* Debug */ = {
			isa = XCBuildConfiguration;
			buildSettings = {
				ASSETCATALOG_COMPILER_APPICON_NAME = AppIcon;
				ASSETCATALOG_COMPILER_GLOBAL_ACCENT_COLOR_NAME = AccentColor;
				CODE_SIGN_STYLE = Automatic;
				CURRENT_PROJECT_VERSION = 1;
				GENERATE_INFOPLIST_FILE = YES;
				INFOPLIST_FILE = MovieCollection/Info.plist;
				INFOPLIST_KEY_UIApplicationSupportsIndirectInputEvents = YES;
				INFOPLIST_KEY_UILaunchStoryboardName = LaunchScreen;
				INFOPLIST_KEY_UIMainStoryboardFile = Main;
				INFOPLIST_KEY_UISupportedInterfaceOrientations_iPad = "UIInterfaceOrientationPortrait UIInterfaceOrientationPortraitUpsideDown UIInterfaceOrientationLandscapeLeft UIInterfaceOrientationLandscapeRight";
				INFOPLIST_KEY_UISupportedInterfaceOrientations_iPhone = "UIInterfaceOrientationPortrait UIInterfaceOrientationLandscapeLeft UIInterfaceOrientationLandscapeRight";
				LD_RUNPATH_SEARCH_PATHS = (
					"$(inherited)",
					"@executable_path/Frameworks",
				);
				MARKETING_VERSION = 1.0;
				PRODUCT_BUNDLE_IDENTIFIER = com.iOS.MovieCollection;
				PRODUCT_NAME = "$(TARGET_NAME)";
				SWIFT_EMIT_LOC_STRINGS = YES;
				SWIFT_VERSION = 5.0;
				TARGETED_DEVICE_FAMILY = "1,2";
			};
			name = Debug;
		};
		1A73925028E0B27B00BD6EC4 /* Release */ = {
			isa = XCBuildConfiguration;
			buildSettings = {
				ASSETCATALOG_COMPILER_APPICON_NAME = AppIcon;
				ASSETCATALOG_COMPILER_GLOBAL_ACCENT_COLOR_NAME = AccentColor;
				CODE_SIGN_STYLE = Automatic;
				CURRENT_PROJECT_VERSION = 1;
				GENERATE_INFOPLIST_FILE = YES;
				INFOPLIST_FILE = MovieCollection/Info.plist;
				INFOPLIST_KEY_UIApplicationSupportsIndirectInputEvents = YES;
				INFOPLIST_KEY_UILaunchStoryboardName = LaunchScreen;
				INFOPLIST_KEY_UIMainStoryboardFile = Main;
				INFOPLIST_KEY_UISupportedInterfaceOrientations_iPad = "UIInterfaceOrientationPortrait UIInterfaceOrientationPortraitUpsideDown UIInterfaceOrientationLandscapeLeft UIInterfaceOrientationLandscapeRight";
				INFOPLIST_KEY_UISupportedInterfaceOrientations_iPhone = "UIInterfaceOrientationPortrait UIInterfaceOrientationLandscapeLeft UIInterfaceOrientationLandscapeRight";
				LD_RUNPATH_SEARCH_PATHS = (
					"$(inherited)",
					"@executable_path/Frameworks",
				);
				MARKETING_VERSION = 1.0;
				PRODUCT_BUNDLE_IDENTIFIER = com.iOS.MovieCollection;
				PRODUCT_NAME = "$(TARGET_NAME)";
				SWIFT_EMIT_LOC_STRINGS = YES;
				SWIFT_VERSION = 5.0;
				TARGETED_DEVICE_FAMILY = "1,2";
			};
			name = Release;
		};
/* End XCBuildConfiguration section */

/* Begin XCConfigurationList section */
		1A73923528E0B27600BD6EC4 /* Build configuration list for PBXProject "MovieCollection" */ = {
			isa = XCConfigurationList;
			buildConfigurations = (
				1A73924C28E0B27B00BD6EC4 /* Debug */,
				1A73924D28E0B27B00BD6EC4 /* Release */,
			);
			defaultConfigurationIsVisible = 0;
			defaultConfigurationName = Release;
		};
		1A73924E28E0B27B00BD6EC4 /* Build configuration list for PBXNativeTarget "MovieCollection" */ = {
			isa = XCConfigurationList;
			buildConfigurations = (
				1A73924F28E0B27B00BD6EC4 /* Debug */,
				1A73925028E0B27B00BD6EC4 /* Release */,
			);
			defaultConfigurationIsVisible = 0;
			defaultConfigurationName = Release;
		};
/* End XCConfigurationList section */
	};
	rootObject = 1A73923228E0B27600BD6EC4 /* Project object */;
}
